
Microsoft Visual Studio Solution File, Format Version 12.00
Project("{FAE04EC0-301F-11D3-BF4B-00C04F79EFBC}") = "Testability", "Testability\Testability.csproj", "{55042A90-4F39-416E-A32C-9F357C3C1AEC}"
EndProject
Project("{FAE04EC0-301F-11D3-BF4B-00C04F79EFBC}") = "Testability.Test", "Testability.Test\Testability.Test.csproj", "{552C4B5A-3F99-44BD-9474-2C9DE13A4BC5}"
EndProject
Global
	GlobalSection(SolutionConfigurationPlatforms) = preSolution
		Debug|Any CPU = Debug|Any CPU
		Release|Any CPU = Release|Any CPU
	EndGlobalSection
	GlobalSection(ProjectConfigurationPlatforms) = postSolution
		{55042A90-4F39-416E-A32C-9F357C3C1AEC}.Debug|Any CPU.ActiveCfg = Debug|Any CPU
		{55042A90-4F39-416E-A32C-9F357C3C1AEC}.Debug|Any CPU.Build.0 = Debug|Any CPU
		{55042A90-4F39-416E-A32C-9F357C3C1AEC}.Release|Any CPU.ActiveCfg = Release|Any CPU
		{55042A90-4F39-416E-A32C-9F357C3C1AEC}.Release|Any CPU.Build.0 = Release|Any CPU
		{552C4B5A-3F99-44BD-9474-2C9DE13A4BC5}.Debug|Any CPU.ActiveCfg = Debug|Any CPU
		{552C4B5A-3F99-44BD-9474-2C9DE13A4BC5}.Debug|Any CPU.Build.0 = Debug|Any CPU
		{552C4B5A-3F99-44BD-9474-2C9DE13A4BC5}.Release|Any CPU.ActiveCfg = Release|Any CPU
		{552C4B5A-3F99-44BD-9474-2C9DE13A4BC5}.Release|Any CPU.Build.0 = Release|Any CPU
	EndGlobalSection
EndGlobal
